
Microsoft Visual Studio Solution File, Format Version 12.00
# Visual Studio Version 16
VisualStudioVersion = 16.0.31729.503
MinimumVisualStudioVersion = 10.0.40219.1
Project("{8BC9CEB8-8B4A-11D0-8D11-00A0C91BC942}") = "XListView", "XListView.vcxproj", "{1236BEFF-F437-4ECD-B237-2153B94097CB}"
EndProject
Global
	GlobalSection(SolutionConfigurationPlatforms) = preSolution
		Debug|x86 = Debug|x86
		Release|x86 = Release|x86
	EndGlobalSection
	GlobalSection(ProjectConfigurationPlatforms) = postSolution
		{1236BEFF-F437-4ECD-B237-2153B94097CB}.Debug|x86.ActiveCfg = Debug|Win32
		{1236BEFF-F437-4ECD-B237-2153B94097CB}.Debug|x86.Build.0 = Debug|Win32
		{1236BEFF-F437-4ECD-B237-2153B94097CB}.Release|x86.ActiveCfg = Release|Win32
		{1236BEFF-F437-4ECD-B237-2153B94097CB}.Release|x86.Build.0 = Release|Win32
	EndGlobalSection
	GlobalSection(SolutionProperties) = preSolution
		HideSolutionNode = FALSE
	EndGlobalSection
	GlobalSection(ExtensibilityGlobals) = postSolution
		SolutionGuid = {A24E3C79-9472-4590-9EC4-9256A569860F}
	EndGlobalSection
EndGlobal
